
Microsoft Visual Studio Solution File, Format Version 12.00
# Visual Studio Version 17
VisualStudioVersion = 17.10.35013.160
MinimumVisualStudioVersion = 10.0.40219.1
Project("{9A19103F-16F7-4668-BE54-9A1E7A4F7556}") = "TD1Revisions", "TD1Revisions\TD1Revisions.csproj", "{6B2C1AA0-45D5-4EE3-A552-B2FF259FCC3D}"
EndProject
Project("{9A19103F-16F7-4668-BE54-9A1E7A4F7556}") = "BlazorTD1Revisions", "BlazorTD1Revisions\BlazorTD1Revisions.csproj", "{269C833B-E57D-4090-A2DE-C0B32CB339CD}"
EndProject
Global
	GlobalSection(SolutionConfigurationPlatforms) = preSolution
		Debug|Any CPU = Debug|Any CPU
		Release|Any CPU = Release|Any CPU
	EndGlobalSection
	GlobalSection(ProjectConfigurationPlatforms) = postSolution
		{6B2C1AA0-45D5-4EE3-A552-B2FF259FCC3D}.Debug|Any CPU.ActiveCfg = Debug|Any CPU
		{6B2C1AA0-45D5-4EE3-A552-B2FF259FCC3D}.Debug|Any CPU.Build.0 = Debug|Any CPU
		{6B2C1AA0-45D5-4EE3-A552-B2FF259FCC3D}.Release|Any CPU.ActiveCfg = Release|Any CPU
		{6B2C1AA0-45D5-4EE3-A552-B2FF259FCC3D}.Release|Any CPU.Build.0 = Release|Any CPU
		{269C833B-E57D-4090-A2DE-C0B32CB339CD}.Debug|Any CPU.ActiveCfg = Debug|Any CPU
		{269C833B-E57D-4090-A2DE-C0B32CB339CD}.Debug|Any CPU.Build.0 = Debug|Any CPU
		{269C833B-E57D-4090-A2DE-C0B32CB339CD}.Release|Any CPU.ActiveCfg = Release|Any CPU
		{269C833B-E57D-4090-A2DE-C0B32CB339CD}.Release|Any CPU.Build.0 = Release|Any CPU
	EndGlobalSection
	GlobalSection(SolutionProperties) = preSolution
		HideSolutionNode = FALSE
	EndGlobalSection
	GlobalSection(ExtensibilityGlobals) = postSolution
		SolutionGuid = {01C2F718-93FA-4C3C-9B2B-503CAA2766BF}
	EndGlobalSection
EndGlobal
